// !$*UTF8*$!
{
	archiveVersion = 1;
	classes = {
	};
	objectVersion = 56;
	objects = {

/* Begin PBXBuildFile section */
		282E5F412BE448C800847BDC /* AppDelegate.swift in Sources */ = {isa = PBXBuildFile; fileRef = 282E5F292BE448C800847BDC /* AppDelegate.swift */; };
		282E5F422BE448C800847BDC /* Assets.xcassets in Resources */ = {isa = PBXBuildFile; fileRef = 282E5F2A2BE448C800847BDC /* Assets.xcassets */; };
		282E5F432BE448C800847BDC /* Clipper.swift in Sources */ = {isa = PBXBuildFile; fileRef = 282E5F2B2BE448C800847BDC /* Clipper.swift */; };
		282E5F442BE448C800847BDC /* AX.swift in Sources */ = {isa = PBXBuildFile; fileRef = 282E5F2C2BE448C800847BDC /* AX.swift */; };
		282E5F452BE448C800847BDC /* Color.swift in Sources */ = {isa = PBXBuildFile; fileRef = 282E5F2D2BE448C800847BDC /* Color.swift */; };
		282E5F462BE448C800847BDC /* Process.swift in Sources */ = {isa = PBXBuildFile; fileRef = 282E5F2E2BE448C800847BDC /* Process.swift */; };
		282E5F472BE448C800847BDC /* Screen.swift in Sources */ = {isa = PBXBuildFile; fileRef = 282E5F2F2BE448C800847BDC /* Screen.swift */; };
		282E5F482BE448C800847BDC /* Settings.swift in Sources */ = {isa = PBXBuildFile; fileRef = 282E5F302BE448C800847BDC /* Settings.swift */; };
		282E5F492BE448C800847BDC /* Shortcuts.swift in Sources */ = {isa = PBXBuildFile; fileRef = 282E5F312BE448C800847BDC /* Shortcuts.swift */; };
		282E5F4A2BE448C800847BDC /* AlignmentManager.swift in Sources */ = {isa = PBXBuildFile; fileRef = 282E5F332BE448C800847BDC /* AlignmentManager.swift */; };
		282E5F4B2BE448C800847BDC /* ResizeType.swift in Sources */ = {isa = PBXBuildFile; fileRef = 282E5F342BE448C800847BDC /* ResizeType.swift */; };
		282E5F4C2BE448C800847BDC /* SnapArea.swift in Sources */ = {isa = PBXBuildFile; fileRef = 282E5F362BE448C800847BDC /* SnapArea.swift */; };
		282E5F4D2BE448C800847BDC /* SnapOverlay.swift in Sources */ = {isa = PBXBuildFile; fileRef = 282E5F372BE448C800847BDC /* SnapOverlay.swift */; };
		282E5F4E2BE448C800847BDC /* SnappingManager.swift in Sources */ = {isa = PBXBuildFile; fileRef = 282E5F382BE448C800847BDC /* SnappingManager.swift */; };
		282E5F4F2BE448C800847BDC /* WindowElement.swift in Sources */ = {isa = PBXBuildFile; fileRef = 282E5F3A2BE448C800847BDC /* WindowElement.swift */; };
		282E5F502BE448C800847BDC /* WindowManager.swift in Sources */ = {isa = PBXBuildFile; fileRef = 282E5F3B2BE448C800847BDC /* WindowManager.swift */; };
		282E5F512BE448C800847BDC /* AppMenu.swift in Sources */ = {isa = PBXBuildFile; fileRef = 282E5F3D2BE448C800847BDC /* AppMenu.swift */; };
		282E5F522BE448C800847BDC /* MenuView.swift in Sources */ = {isa = PBXBuildFile; fileRef = 282E5F3E2BE448C800847BDC /* MenuView.swift */; };
		282E5F532BE448C800847BDC /* SettingsView.swift in Sources */ = {isa = PBXBuildFile; fileRef = 282E5F3F2BE448C800847BDC /* SettingsView.swift */; };
		282E5F562BE448ED00847BDC /* KeyboardShortcuts in Frameworks */ = {isa = PBXBuildFile; productRef = 282E5F552BE448ED00847BDC /* KeyboardShortcuts */; };
		282E5F592BE448F300847BDC /* SettingsAccess in Frameworks */ = {isa = PBXBuildFile; productRef = 282E5F582BE448F300847BDC /* SettingsAccess */; };
		282E5F5C2BE448FB00847BDC /* LaunchAtLogin in Frameworks */ = {isa = PBXBuildFile; productRef = 282E5F5B2BE448FB00847BDC /* LaunchAtLogin */; };
/* End PBXBuildFile section */

/* Begin PBXFileReference section */
		282E5F102BE4478F00847BDC /* Clipper.app */ = {isa = PBXFileReference; explicitFileType = wrapper.application; includeInIndex = 0; path = Clipper.app; sourceTree = BUILT_PRODUCTS_DIR; };
		282E5F292BE448C800847BDC /* AppDelegate.swift */ = {isa = PBXFileReference; fileEncoding = 4; lastKnownFileType = sourcecode.swift; path = AppDelegate.swift; sourceTree = "<group>"; };
		282E5F2A2BE448C800847BDC /* Assets.xcassets */ = {isa = PBXFileReference; lastKnownFileType = folder.assetcatalog; path = Assets.xcassets; sourceTree = "<group>"; };
		282E5F2B2BE448C800847BDC /* Clipper.swift */ = {isa = PBXFileReference; fileEncoding = 4; lastKnownFileType = sourcecode.swift; path = Clipper.swift; sourceTree = "<group>"; };
		282E5F2C2BE448C800847BDC /* AX.swift */ = {isa = PBXFileReference; fileEncoding = 4; lastKnownFileType = sourcecode.swift; path = AX.swift; sourceTree = "<group>"; };
		282E5F2D2BE448C800847BDC /* Color.swift */ = {isa = PBXFileReference; fileEncoding = 4; lastKnownFileType = sourcecode.swift; path = Color.swift; sourceTree = "<group>"; };
		282E5F2E2BE448C800847BDC /* Process.swift */ = {isa = PBXFileReference; fileEncoding = 4; lastKnownFileType = sourcecode.swift; path = Process.swift; sourceTree = "<group>"; };
		282E5F2F2BE448C800847BDC /* Screen.swift */ = {isa = PBXFileReference; fileEncoding = 4; lastKnownFileType = sourcecode.swift; path = Screen.swift; sourceTree = "<group>"; };
		282E5F302BE448C800847BDC /* Settings.swift */ = {isa = PBXFileReference; fileEncoding = 4; lastKnownFileType = sourcecode.swift; path = Settings.swift; sourceTree = "<group>"; };
		282E5F312BE448C800847BDC /* Shortcuts.swift */ = {isa = PBXFileReference; fileEncoding = 4; lastKnownFileType = sourcecode.swift; path = Shortcuts.swift; sourceTree = "<group>"; };
		282E5F332BE448C800847BDC /* AlignmentManager.swift */ = {isa = PBXFileReference; fileEncoding = 4; lastKnownFileType = sourcecode.swift; path = AlignmentManager.swift; sourceTree = "<group>"; };
		282E5F342BE448C800847BDC /* ResizeType.swift */ = {isa = PBXFileReference; fileEncoding = 4; lastKnownFileType = sourcecode.swift; path = ResizeType.swift; sourceTree = "<group>"; };
		282E5F362BE448C800847BDC /* SnapArea.swift */ = {isa = PBXFileReference; fileEncoding = 4; lastKnownFileType = sourcecode.swift; path = SnapArea.swift; sourceTree = "<group>"; };
		282E5F372BE448C800847BDC /* SnapOverlay.swift */ = {isa = PBXFileReference; fileEncoding = 4; lastKnownFileType = sourcecode.swift; path = SnapOverlay.swift; sourceTree = "<group>"; };
		282E5F382BE448C800847BDC /* SnappingManager.swift */ = {isa = PBXFileReference; fileEncoding = 4; lastKnownFileType = sourcecode.swift; path = SnappingManager.swift; sourceTree = "<group>"; };
		282E5F3A2BE448C800847BDC /* WindowElement.swift */ = {isa = PBXFileReference; fileEncoding = 4; lastKnownFileType = sourcecode.swift; path = WindowElement.swift; sourceTree = "<group>"; };
		282E5F3B2BE448C800847BDC /* WindowManager.swift */ = {isa = PBXFileReference; fileEncoding = 4; lastKnownFileType = sourcecode.swift; path = WindowManager.swift; sourceTree = "<group>"; };
		282E5F3D2BE448C800847BDC /* AppMenu.swift */ = {isa = PBXFileReference; fileEncoding = 4; lastKnownFileType = sourcecode.swift; path = AppMenu.swift; sourceTree = "<group>"; };
		282E5F3E2BE448C800847BDC /* MenuView.swift */ = {isa = PBXFileReference; fileEncoding = 4; lastKnownFileType = sourcecode.swift; path = MenuView.swift; sourceTree = "<group>"; };
		282E5F3F2BE448C800847BDC /* SettingsView.swift */ = {isa = PBXFileReference; fileEncoding = 4; lastKnownFileType = sourcecode.swift; path = SettingsView.swift; sourceTree = "<group>"; };
		284EC3D62BE449D500C56845 /* README.md */ = {isa = PBXFileReference; lastKnownFileType = net.daringfireball.markdown; name = README.md; path = ../README.md; sourceTree = "<group>"; };
		28F95BD32BE58A3F003B3FEE /* Clipper.entitlements */ = {isa = PBXFileReference; lastKnownFileType = text.plist.entitlements; path = Clipper.entitlements; sourceTree = "<group>"; };
/* End PBXFileReference section */

/* Begin PBXFrameworksBuildPhase section */
		282E5F0D2BE4478F00847BDC /* Frameworks */ = {
			isa = PBXFrameworksBuildPhase;
			buildActionMask = 2147483647;
			files = (
				282E5F5C2BE448FB00847BDC /* LaunchAtLogin in Frameworks */,
				282E5F562BE448ED00847BDC /* KeyboardShortcuts in Frameworks */,
				282E5F592BE448F300847BDC /* SettingsAccess in Frameworks */,
			);
			runOnlyForDeploymentPostprocessing = 0;
		};
/* End PBXFrameworksBuildPhase section */

/* Begin PBXGroup section */
		282E5F072BE4478F00847BDC = {
			isa = PBXGroup;
			children = (
				284EC3D62BE449D500C56845 /* README.md */,
				282E5F122BE4478F00847BDC /* Clipper */,
				282E5F112BE4478F00847BDC /* Products */,
			);
			sourceTree = "<group>";
		};
		282E5F112BE4478F00847BDC /* Products */ = {
			isa = PBXGroup;
			children = (
				282E5F102BE4478F00847BDC /* Clipper.app */,
			);
			name = Products;
			sourceTree = "<group>";
		};
		282E5F122BE4478F00847BDC /* Clipper */ = {
			isa = PBXGroup;
			children = (
				28F95BD32BE58A3F003B3FEE /* Clipper.entitlements */,
				282E5F2A2BE448C800847BDC /* Assets.xcassets */,
				282E5F2B2BE448C800847BDC /* Clipper.swift */,
				282E5F292BE448C800847BDC /* AppDelegate.swift */,
				282E5F402BE448C800847BDC /* Menu */,
				282E5F322BE448C800847BDC /* Utils */,
				282E5F3C2BE448C800847BDC /* Window */,
			);
			path = Clipper;
			sourceTree = "<group>";
		};
		282E5F322BE448C800847BDC /* Utils */ = {
			isa = PBXGroup;
			children = (
				282E5F2C2BE448C800847BDC /* AX.swift */,
				282E5F2D2BE448C800847BDC /* Color.swift */,
				282E5F2E2BE448C800847BDC /* Process.swift */,
				282E5F2F2BE448C800847BDC /* Screen.swift */,
				282E5F302BE448C800847BDC /* Settings.swift */,
				282E5F312BE448C800847BDC /* Shortcuts.swift */,
			);
			path = Utils;
			sourceTree = "<group>";
		};
		282E5F352BE448C800847BDC /* Alignment */ = {
			isa = PBXGroup;
			children = (
				282E5F332BE448C800847BDC /* AlignmentManager.swift */,
				282E5F342BE448C800847BDC /* ResizeType.swift */,
			);
			path = Alignment;
			sourceTree = "<group>";
		};
		282E5F392BE448C800847BDC /* Snapping */ = {
			isa = PBXGroup;
			children = (
				282E5F362BE448C800847BDC /* SnapArea.swift */,
				282E5F372BE448C800847BDC /* SnapOverlay.swift */,
				282E5F382BE448C800847BDC /* SnappingManager.swift */,
			);
			path = Snapping;
			sourceTree = "<group>";
		};
		282E5F3C2BE448C800847BDC /* Window */ = {
			isa = PBXGroup;
			children = (
				282E5F352BE448C800847BDC /* Alignment */,
				282E5F392BE448C800847BDC /* Snapping */,
				282E5F3A2BE448C800847BDC /* WindowElement.swift */,
				282E5F3B2BE448C800847BDC /* WindowManager.swift */,
			);
			path = Window;
			sourceTree = "<group>";
		};
		282E5F402BE448C800847BDC /* Menu */ = {
			isa = PBXGroup;
			children = (
				282E5F3D2BE448C800847BDC /* AppMenu.swift */,
				282E5F3E2BE448C800847BDC /* MenuView.swift */,
				282E5F3F2BE448C800847BDC /* SettingsView.swift */,
			);
			path = Menu;
			sourceTree = "<group>";
		};
/* End PBXGroup section */

/* Begin PBXNativeTarget section */
		282E5F0F2BE4478F00847BDC /* Clipper */ = {
			isa = PBXNativeTarget;
			buildConfigurationList = 282E5F1F2BE4478F00847BDC /* Build configuration list for PBXNativeTarget "Clipper" */;
			buildPhases = (
				282E5F0C2BE4478F00847BDC /* Sources */,
				282E5F0D2BE4478F00847BDC /* Frameworks */,
				282E5F0E2BE4478F00847BDC /* Resources */,
			);
			buildRules = (
			);
			dependencies = (
			);
			name = Clipper;
			packageProductDependencies = (
				282E5F552BE448ED00847BDC /* KeyboardShortcuts */,
				282E5F582BE448F300847BDC /* SettingsAccess */,
				282E5F5B2BE448FB00847BDC /* LaunchAtLogin */,
			);
			productName = Clipper;
			productReference = 282E5F102BE4478F00847BDC /* Clipper.app */;
			productType = "com.apple.product-type.application";
		};
/* End PBXNativeTarget section */

/* Begin PBXProject section */
		282E5F082BE4478F00847BDC /* Project object */ = {
			isa = PBXProject;
			attributes = {
				BuildIndependentTargetsInParallel = 1;
				LastSwiftUpdateCheck = 1530;
				LastUpgradeCheck = 1530;
				TargetAttributes = {
					282E5F0F2BE4478F00847BDC = {
						CreatedOnToolsVersion = 15.3;
						LastSwiftMigration = 1530;
					};
				};
			};
			buildConfigurationList = 282E5F0B2BE4478F00847BDC /* Build configuration list for PBXProject "Clipper" */;
			compatibilityVersion = "Xcode 14.0";
			developmentRegion = en;
			hasScannedForEncodings = 0;
			knownRegions = (
				en,
				Base,
			);
			mainGroup = 282E5F072BE4478F00847BDC;
			packageReferences = (
				282E5F542BE448ED00847BDC /* XCRemoteSwiftPackageReference "KeyboardShortcuts" */,
				282E5F572BE448F300847BDC /* XCRemoteSwiftPackageReference "SettingsAccess" */,
				282E5F5A2BE448FB00847BDC /* XCRemoteSwiftPackageReference "LaunchAtLogin-Modern" */,
			);
			productRefGroup = 282E5F112BE4478F00847BDC /* Products */;
			projectDirPath = "";
			projectRoot = "";
			targets = (
				282E5F0F2BE4478F00847BDC /* Clipper */,
			);
		};
/* End PBXProject section */

/* Begin PBXResourcesBuildPhase section */
		282E5F0E2BE4478F00847BDC /* Resources */ = {
			isa = PBXResourcesBuildPhase;
			buildActionMask = 2147483647;
			files = (
				282E5F422BE448C800847BDC /* Assets.xcassets in Resources */,
			);
			runOnlyForDeploymentPostprocessing = 0;
		};
/* End PBXResourcesBuildPhase section */

/* Begin PBXSourcesBuildPhase section */
		282E5F0C2BE4478F00847BDC /* Sources */ = {
			isa = PBXSourcesBuildPhase;
			buildActionMask = 2147483647;
			files = (
				282E5F412BE448C800847BDC /* AppDelegate.swift in Sources */,
				282E5F492BE448C800847BDC /* Shortcuts.swift in Sources */,
				282E5F472BE448C800847BDC /* Screen.swift in Sources */,
				282E5F532BE448C800847BDC /* SettingsView.swift in Sources */,
				282E5F462BE448C800847BDC /* Process.swift in Sources */,
				282E5F4E2BE448C800847BDC /* SnappingManager.swift in Sources */,
				282E5F482BE448C800847BDC /* Settings.swift in Sources */,
				282E5F4F2BE448C800847BDC /* WindowElement.swift in Sources */,
				282E5F522BE448C800847BDC /* MenuView.swift in Sources */,
				282E5F4B2BE448C800847BDC /* ResizeType.swift in Sources */,
				282E5F4C2BE448C800847BDC /* SnapArea.swift in Sources */,
				282E5F452BE448C800847BDC /* Color.swift in Sources */,
				282E5F4D2BE448C800847BDC /* SnapOverlay.swift in Sources */,
				282E5F432BE448C800847BDC /* Clipper.swift in Sources */,
				282E5F4A2BE448C800847BDC /* AlignmentManager.swift in Sources */,
				282E5F442BE448C800847BDC /* AX.swift in Sources */,
				282E5F512BE448C800847BDC /* AppMenu.swift in Sources */,
				282E5F502BE448C800847BDC /* WindowManager.swift in Sources */,
			);
			runOnlyForDeploymentPostprocessing = 0;
		};
/* End PBXSourcesBuildPhase section */

/* Begin XCBuildConfiguration section */
		282E5F1D2BE4478F00847BDC /* Debug */ = {
			isa = XCBuildConfiguration;
			buildSettings = {
				ALWAYS_SEARCH_USER_PATHS = NO;
				ASSETCATALOG_COMPILER_GENERATE_SWIFT_ASSET_SYMBOL_EXTENSIONS = YES;
				CLANG_ANALYZER_NONNULL = YES;
				CLANG_ANALYZER_NUMBER_OBJECT_CONVERSION = YES_AGGRESSIVE;
				CLANG_CXX_LANGUAGE_STANDARD = "gnu++20";
				CLANG_ENABLE_MODULES = YES;
				CLANG_ENABLE_OBJC_ARC = YES;
				CLANG_ENABLE_OBJC_WEAK = YES;
				CLANG_WARN_BLOCK_CAPTURE_AUTORELEASING = YES;
				CLANG_WARN_BOOL_CONVERSION = YES;
				CLANG_WARN_COMMA = YES;
				CLANG_WARN_CONSTANT_CONVERSION = YES;
				CLANG_WARN_DEPRECATED_OBJC_IMPLEMENTATIONS = YES;
				CLANG_WARN_DIRECT_OBJC_ISA_USAGE = YES_ERROR;
				CLANG_WARN_DOCUMENTATION_COMMENTS = YES;
				CLANG_WARN_EMPTY_BODY = YES;
				CLANG_WARN_ENUM_CONVERSION = YES;
				CLANG_WARN_INFINITE_RECURSION = YES;
				CLANG_WARN_INT_CONVERSION = YES;
				CLANG_WARN_NON_LITERAL_NULL_CONVERSION = YES;
				CLANG_WARN_OBJC_IMPLICIT_RETAIN_SELF = YES;
				CLANG_WARN_OBJC_LITERAL_CONVERSION = YES;
				CLANG_WARN_OBJC_ROOT_CLASS = YES_ERROR;
				CLANG_WARN_QUOTED_INCLUDE_IN_FRAMEWORK_HEADER = YES;
				CLANG_WARN_RANGE_LOOP_ANALYSIS = YES;
				CLANG_WARN_STRICT_PROTOTYPES = YES;
				CLANG_WARN_SUSPICIOUS_MOVE = YES;
				CLANG_WARN_UNGUARDED_AVAILABILITY = YES_AGGRESSIVE;
				CLANG_WARN_UNREACHABLE_CODE = YES;
				CLANG_WARN__DUPLICATE_METHOD_MATCH = YES;
				COPY_PHASE_STRIP = NO;
				DEBUG_INFORMATION_FORMAT = dwarf;
				ENABLE_STRICT_OBJC_MSGSEND = YES;
				ENABLE_TESTABILITY = YES;
				ENABLE_USER_SCRIPT_SANDBOXING = YES;
				GCC_C_LANGUAGE_STANDARD = gnu17;
				GCC_DYNAMIC_NO_PIC = NO;
				GCC_NO_COMMON_BLOCKS = YES;
				GCC_OPTIMIZATION_LEVEL = 0;
				GCC_PREPROCESSOR_DEFINITIONS = (
					"DEBUG=1",
					"$(inherited)",
				);
				GCC_WARN_64_TO_32_BIT_CONVERSION = YES;
				GCC_WARN_ABOUT_RETURN_TYPE = YES_ERROR;
				GCC_WARN_UNDECLARED_SELECTOR = YES;
				GCC_WARN_UNINITIALIZED_AUTOS = YES_AGGRESSIVE;
				GCC_WARN_UNUSED_FUNCTION = YES;
				GCC_WARN_UNUSED_VARIABLE = YES;
				LOCALIZATION_PREFERS_STRING_CATALOGS = YES;
				MACOSX_DEPLOYMENT_TARGET = 14.4;
				MTL_ENABLE_DEBUG_INFO = INCLUDE_SOURCE;
				MTL_FAST_MATH = YES;
				ONLY_ACTIVE_ARCH = YES;
				SDKROOT = macosx;
				SWIFT_ACTIVE_COMPILATION_CONDITIONS = "DEBUG $(inherited)";
				SWIFT_OPTIMIZATION_LEVEL = "-Onone";
			};
			name = Debug;
		};
		282E5F1E2BE4478F00847BDC /* Release */ = {
			isa = XCBuildConfiguration;
			buildSettings = {
				ALWAYS_SEARCH_USER_PATHS = NO;
				ASSETCATALOG_COMPILER_GENERATE_SWIFT_ASSET_SYMBOL_EXTENSIONS = YES;
				CLANG_ANALYZER_NONNULL = YES;
				CLANG_ANALYZER_NUMBER_OBJECT_CONVERSION = YES_AGGRESSIVE;
				CLANG_CXX_LANGUAGE_STANDARD = "gnu++20";
				CLANG_ENABLE_MODULES = YES;
				CLANG_ENABLE_OBJC_ARC = YES;
				CLANG_ENABLE_OBJC_WEAK = YES;
				CLANG_WARN_BLOCK_CAPTURE_AUTORELEASING = YES;
				CLANG_WARN_BOOL_CONVERSION = YES;
				CLANG_WARN_COMMA = YES;
				CLANG_WARN_CONSTANT_CONVERSION = YES;
				CLANG_WARN_DEPRECATED_OBJC_IMPLEMENTATIONS = YES;
				CLANG_WARN_DIRECT_OBJC_ISA_USAGE = YES_ERROR;
				CLANG_WARN_DOCUMENTATION_COMMENTS = YES;
				CLANG_WARN_EMPTY_BODY = YES;
				CLANG_WARN_ENUM_CONVERSION = YES;
				CLANG_WARN_INFINITE_RECURSION = YES;
				CLANG_WARN_INT_CONVERSION = YES;
				CLANG_WARN_NON_LITERAL_NULL_CONVERSION = YES;
				CLANG_WARN_OBJC_IMPLICIT_RETAIN_SELF = YES;
				CLANG_WARN_OBJC_LITERAL_CONVERSION = YES;
				CLANG_WARN_OBJC_ROOT_CLASS = YES_ERROR;
				CLANG_WARN_QUOTED_INCLUDE_IN_FRAMEWORK_HEADER = YES;
				CLANG_WARN_RANGE_LOOP_ANALYSIS = YES;
				CLANG_WARN_STRICT_PROTOTYPES = YES;
				CLANG_WARN_SUSPICIOUS_MOVE = YES;
				CLANG_WARN_UNGUARDED_AVAILABILITY = YES_AGGRESSIVE;
				CLANG_WARN_UNREACHABLE_CODE = YES;
				CLANG_WARN__DUPLICATE_METHOD_MATCH = YES;
				COPY_PHASE_STRIP = NO;
				DEBUG_INFORMATION_FORMAT = "dwarf-with-dsym";
				ENABLE_NS_ASSERTIONS = NO;
				ENABLE_STRICT_OBJC_MSGSEND = YES;
				ENABLE_USER_SCRIPT_SANDBOXING = YES;
				GCC_C_LANGUAGE_STANDARD = gnu17;
				GCC_NO_COMMON_BLOCKS = YES;
				GCC_WARN_64_TO_32_BIT_CONVERSION = YES;
				GCC_WARN_ABOUT_RETURN_TYPE = YES_ERROR;
				GCC_WARN_UNDECLARED_SELECTOR = YES;
				GCC_WARN_UNINITIALIZED_AUTOS = YES_AGGRESSIVE;
				GCC_WARN_UNUSED_FUNCTION = YES;
				GCC_WARN_UNUSED_VARIABLE = YES;
				LOCALIZATION_PREFERS_STRING_CATALOGS = YES;
				MACOSX_DEPLOYMENT_TARGET = 14.4;
				MTL_ENABLE_DEBUG_INFO = NO;
				MTL_FAST_MATH = YES;
				SDKROOT = macosx;
				SWIFT_COMPILATION_MODE = wholemodule;
			};
			name = Release;
		};
		282E5F202BE4478F00847BDC /* Debug */ = {
			isa = XCBuildConfiguration;
			buildSettings = {
				ASSETCATALOG_COMPILER_APPICON_NAME = AppIcon;
				ASSETCATALOG_COMPILER_GLOBAL_ACCENT_COLOR_NAME = AccentColor;
				CLANG_ENABLE_MODULES = YES;
				CODE_SIGN_ENTITLEMENTS = Clipper/Clipper.entitlements;
				CODE_SIGN_STYLE = Automatic;
				COMBINE_HIDPI_IMAGES = YES;
				CURRENT_PROJECT_VERSION = 1;
				DEVELOPMENT_ASSET_PATHS = "";
				ENABLE_PREVIEWS = YES;
				GENERATE_INFOPLIST_FILE = YES;
				INFOPLIST_KEY_LSUIElement = YES;
				INFOPLIST_KEY_NSHumanReadableCopyright = "";
				LD_RUNPATH_SEARCH_PATHS = (
					"$(inherited)",
					"@executable_path/../Frameworks",
				);
				MACOSX_DEPLOYMENT_TARGET = 14;
				MARKETING_VERSION = 1.0;
				PRODUCT_BUNDLE_IDENTIFIER = com.aleksanderbrk.Clipper;
				PRODUCT_NAME = "$(TARGET_NAME)";
				SWIFT_EMIT_LOC_STRINGS = YES;
				SWIFT_OPTIMIZATION_LEVEL = "-O";
				SWIFT_VERSION = 5.0;
			};
			name = Debug;
		};
		282E5F212BE4478F00847BDC /* Release */ = {
			isa = XCBuildConfiguration;
			buildSettings = {
				ASSETCATALOG_COMPILER_APPICON_NAME = AppIcon;
				ASSETCATALOG_COMPILER_GLOBAL_ACCENT_COLOR_NAME = AccentColor;
				CLANG_ENABLE_MODULES = YES;
				CODE_SIGN_ENTITLEMENTS = Clipper/Clipper.entitlements;
				CODE_SIGN_STYLE = Automatic;
				COMBINE_HIDPI_IMAGES = YES;
				CURRENT_PROJECT_VERSION = 1;
				DEVELOPMENT_ASSET_PATHS = "";
				ENABLE_PREVIEWS = YES;
				GENERATE_INFOPLIST_FILE = YES;
				INFOPLIST_KEY_LSUIElement = YES;
				INFOPLIST_KEY_NSHumanReadableCopyright = "";
				LD_RUNPATH_SEARCH_PATHS = (
					"$(inherited)",
					"@executable_path/../Frameworks",
				);
				MACOSX_DEPLOYMENT_TARGET = 14;
				MARKETING_VERSION = 1.0;
				PRODUCT_BUNDLE_IDENTIFIER = com.aleksanderbrk.Clipper;
				PRODUCT_NAME = "$(TARGET_NAME)";
				SWIFT_EMIT_LOC_STRINGS = YES;
				SWIFT_OPTIMIZATION_LEVEL = "-O";
				SWIFT_VERSION = 5.0;
			};
			name = Release;
		};
/* End XCBuildConfiguration section */

/* Begin XCConfigurationList section */
		282E5F0B2BE4478F00847BDC /* Build configuration list for PBXProject "Clipper" */ = {
			isa = XCConfigurationList;
			buildConfigurations = (
				282E5F1D2BE4478F00847BDC /* Debug */,
				282E5F1E2BE4478F00847BDC /* Release */,
			);
			defaultConfigurationIsVisible = 0;
			defaultConfigurationName = Release;
		};
		282E5F1F2BE4478F00847BDC /* Build configuration list for PBXNativeTarget "Clipper" */ = {
			isa = XCConfigurationList;
			buildConfigurations = (
				282E5F202BE4478F00847BDC /* Debug */,
				282E5F212BE4478F00847BDC /* Release */,
			);
			defaultConfigurationIsVisible = 0;
			defaultConfigurationName = Release;
		};
/* End XCConfigurationList section */

/* Begin XCRemoteSwiftPackageReference section */
		282E5F542BE448ED00847BDC /* XCRemoteSwiftPackageReference "KeyboardShortcuts" */ = {
			isa = XCRemoteSwiftPackageReference;
			repositoryURL = "https://github.com/sindresorhus/KeyboardShortcuts.git";
			requirement = {
				kind = upToNextMajorVersion;
				minimumVersion = 2.0.0;
			};
		};
		282E5F572BE448F300847BDC /* XCRemoteSwiftPackageReference "SettingsAccess" */ = {
			isa = XCRemoteSwiftPackageReference;
			repositoryURL = "https://github.com/orchetect/SettingsAccess.git";
			requirement = {
				kind = upToNextMajorVersion;
				minimumVersion = 1.4.0;
			};
		};
		282E5F5A2BE448FB00847BDC /* XCRemoteSwiftPackageReference "LaunchAtLogin-Modern" */ = {
			isa = XCRemoteSwiftPackageReference;
			repositoryURL = "https://github.com/sindresorhus/LaunchAtLogin-Modern";
			requirement = {
				branch = main;
				kind = branch;
			};
		};
/* End XCRemoteSwiftPackageReference section */

/* Begin XCSwiftPackageProductDependency section */
		282E5F552BE448ED00847BDC /* KeyboardShortcuts */ = {
			isa = XCSwiftPackageProductDependency;
			package = 282E5F542BE448ED00847BDC /* XCRemoteSwiftPackageReference "KeyboardShortcuts" */;
			productName = KeyboardShortcuts;
		};
		282E5F582BE448F300847BDC /* SettingsAccess */ = {
			isa = XCSwiftPackageProductDependency;
			package = 282E5F572BE448F300847BDC /* XCRemoteSwiftPackageReference "SettingsAccess" */;
			productName = SettingsAccess;
		};
		282E5F5B2BE448FB00847BDC /* LaunchAtLogin */ = {
			isa = XCSwiftPackageProductDependency;
			package = 282E5F5A2BE448FB00847BDC /* XCRemoteSwiftPackageReference "LaunchAtLogin-Modern" */;
			productName = LaunchAtLogin;
		};
/* End XCSwiftPackageProductDependency section */
	};
	rootObject = 282E5F082BE4478F00847BDC /* Project object */;
}
