// !$*UTF8*$!
{
	archiveVersion = 1;
	classes = {
	};
	objectVersion = 56;
	objects = {

/* Begin PBXBuildFile section */
		286A58492BE3FC6F0032ABE7 /* AppMenu.swift in Sources */ = {isa = PBXBuildFile; fileRef = 286A582E2BE3FC6F0032ABE7 /* AppMenu.swift */; };
		286A584A2BE3FC6F0032ABE7 /* MenuView.swift in Sources */ = {isa = PBXBuildFile; fileRef = 286A582F2BE3FC6F0032ABE7 /* MenuView.swift */; };
		286A584B2BE3FC6F0032ABE7 /* SettingsView.swift in Sources */ = {isa = PBXBuildFile; fileRef = 286A58302BE3FC6F0032ABE7 /* SettingsView.swift */; };
		286A584C2BE3FC6F0032ABE7 /* AX.swift in Sources */ = {isa = PBXBuildFile; fileRef = 286A58322BE3FC6F0032ABE7 /* AX.swift */; };
		286A584D2BE3FC6F0032ABE7 /* Color.swift in Sources */ = {isa = PBXBuildFile; fileRef = 286A58332BE3FC6F0032ABE7 /* Color.swift */; };
		286A584E2BE3FC6F0032ABE7 /* Process.swift in Sources */ = {isa = PBXBuildFile; fileRef = 286A58342BE3FC6F0032ABE7 /* Process.swift */; };
		286A584F2BE3FC6F0032ABE7 /* ScreenManager.swift in Sources */ = {isa = PBXBuildFile; fileRef = 286A58352BE3FC6F0032ABE7 /* ScreenManager.swift */; };
		286A58502BE3FC6F0032ABE7 /* SettingsManager.swift in Sources */ = {isa = PBXBuildFile; fileRef = 286A58362BE3FC6F0032ABE7 /* SettingsManager.swift */; };
		286A58512BE3FC6F0032ABE7 /* Shortcuts.swift in Sources */ = {isa = PBXBuildFile; fileRef = 286A58372BE3FC6F0032ABE7 /* Shortcuts.swift */; };
		286A58522BE3FC6F0032ABE7 /* AlignmentManager.swift in Sources */ = {isa = PBXBuildFile; fileRef = 286A58392BE3FC6F0032ABE7 /* AlignmentManager.swift */; };
		286A58532BE3FC6F0032ABE7 /* ResizeType.swift in Sources */ = {isa = PBXBuildFile; fileRef = 286A583A2BE3FC6F0032ABE7 /* ResizeType.swift */; };
		286A58542BE3FC6F0032ABE7 /* SnapArea.swift in Sources */ = {isa = PBXBuildFile; fileRef = 286A583C2BE3FC6F0032ABE7 /* SnapArea.swift */; };
		286A58552BE3FC6F0032ABE7 /* SnapOverlay.swift in Sources */ = {isa = PBXBuildFile; fileRef = 286A583D2BE3FC6F0032ABE7 /* SnapOverlay.swift */; };
		286A58562BE3FC6F0032ABE7 /* SnappingManager.swift in Sources */ = {isa = PBXBuildFile; fileRef = 286A583E2BE3FC6F0032ABE7 /* SnappingManager.swift */; };
		286A58572BE3FC6F0032ABE7 /* WindowElement.swift in Sources */ = {isa = PBXBuildFile; fileRef = 286A58402BE3FC6F0032ABE7 /* WindowElement.swift */; };
		286A58582BE3FC6F0032ABE7 /* WindowManager.swift in Sources */ = {isa = PBXBuildFile; fileRef = 286A58412BE3FC6F0032ABE7 /* WindowManager.swift */; };
		286A58592BE3FC6F0032ABE7 /* AppDelegate.swift in Sources */ = {isa = PBXBuildFile; fileRef = 286A58432BE3FC6F0032ABE7 /* AppDelegate.swift */; };
		286A585A2BE3FC6F0032ABE7 /* Assets.xcassets in Resources */ = {isa = PBXBuildFile; fileRef = 286A58442BE3FC6F0032ABE7 /* Assets.xcassets */; };
		286A585C2BE3FC6F0032ABE7 /* Clipper.swift in Sources */ = {isa = PBXBuildFile; fileRef = 286A58472BE3FC6F0032ABE7 /* Clipper.swift */; };
		288D07392BAF35CC002C2EEC /* README.md in Resources */ = {isa = PBXBuildFile; fileRef = 288D07382BAF35CC002C2EEC /* README.md */; };
		288D073C2BAF373A002C2EEC /* LaunchAtLogin in Frameworks */ = {isa = PBXBuildFile; productRef = 288D073B2BAF373A002C2EEC /* LaunchAtLogin */; };
		28B3549A2BAE13480044A179 /* SettingsAccess in Frameworks */ = {isa = PBXBuildFile; productRef = 28B354992BAE13480044A179 /* SettingsAccess */; };
		28B3549D2BAE13500044A179 /* KeyboardShortcuts in Frameworks */ = {isa = PBXBuildFile; productRef = 28B3549C2BAE13500044A179 /* KeyboardShortcuts */; };
/* End PBXBuildFile section */

/* Begin PBXFileReference section */
		286A582E2BE3FC6F0032ABE7 /* AppMenu.swift */ = {isa = PBXFileReference; fileEncoding = 4; lastKnownFileType = sourcecode.swift; path = AppMenu.swift; sourceTree = "<group>"; };
		286A582F2BE3FC6F0032ABE7 /* MenuView.swift */ = {isa = PBXFileReference; fileEncoding = 4; lastKnownFileType = sourcecode.swift; path = MenuView.swift; sourceTree = "<group>"; };
		286A58302BE3FC6F0032ABE7 /* SettingsView.swift */ = {isa = PBXFileReference; fileEncoding = 4; lastKnownFileType = sourcecode.swift; path = SettingsView.swift; sourceTree = "<group>"; };
		286A58322BE3FC6F0032ABE7 /* AX.swift */ = {isa = PBXFileReference; fileEncoding = 4; lastKnownFileType = sourcecode.swift; path = AX.swift; sourceTree = "<group>"; };
		286A58332BE3FC6F0032ABE7 /* Color.swift */ = {isa = PBXFileReference; fileEncoding = 4; lastKnownFileType = sourcecode.swift; path = Color.swift; sourceTree = "<group>"; };
		286A58342BE3FC6F0032ABE7 /* Process.swift */ = {isa = PBXFileReference; fileEncoding = 4; lastKnownFileType = sourcecode.swift; path = Process.swift; sourceTree = "<group>"; };
		286A58352BE3FC6F0032ABE7 /* ScreenManager.swift */ = {isa = PBXFileReference; fileEncoding = 4; lastKnownFileType = sourcecode.swift; path = ScreenManager.swift; sourceTree = "<group>"; };
		286A58362BE3FC6F0032ABE7 /* SettingsManager.swift */ = {isa = PBXFileReference; fileEncoding = 4; lastKnownFileType = sourcecode.swift; path = SettingsManager.swift; sourceTree = "<group>"; };
		286A58372BE3FC6F0032ABE7 /* Shortcuts.swift */ = {isa = PBXFileReference; fileEncoding = 4; lastKnownFileType = sourcecode.swift; path = Shortcuts.swift; sourceTree = "<group>"; };
		286A58392BE3FC6F0032ABE7 /* AlignmentManager.swift */ = {isa = PBXFileReference; fileEncoding = 4; lastKnownFileType = sourcecode.swift; path = AlignmentManager.swift; sourceTree = "<group>"; };
		286A583A2BE3FC6F0032ABE7 /* ResizeType.swift */ = {isa = PBXFileReference; fileEncoding = 4; lastKnownFileType = sourcecode.swift; path = ResizeType.swift; sourceTree = "<group>"; };
		286A583C2BE3FC6F0032ABE7 /* SnapArea.swift */ = {isa = PBXFileReference; fileEncoding = 4; lastKnownFileType = sourcecode.swift; path = SnapArea.swift; sourceTree = "<group>"; };
		286A583D2BE3FC6F0032ABE7 /* SnapOverlay.swift */ = {isa = PBXFileReference; fileEncoding = 4; lastKnownFileType = sourcecode.swift; path = SnapOverlay.swift; sourceTree = "<group>"; };
		286A583E2BE3FC6F0032ABE7 /* SnappingManager.swift */ = {isa = PBXFileReference; fileEncoding = 4; lastKnownFileType = sourcecode.swift; path = SnappingManager.swift; sourceTree = "<group>"; };
		286A58402BE3FC6F0032ABE7 /* WindowElement.swift */ = {isa = PBXFileReference; fileEncoding = 4; lastKnownFileType = sourcecode.swift; path = WindowElement.swift; sourceTree = "<group>"; };
		286A58412BE3FC6F0032ABE7 /* WindowManager.swift */ = {isa = PBXFileReference; fileEncoding = 4; lastKnownFileType = sourcecode.swift; path = WindowManager.swift; sourceTree = "<group>"; };
		286A58432BE3FC6F0032ABE7 /* AppDelegate.swift */ = {isa = PBXFileReference; fileEncoding = 4; lastKnownFileType = sourcecode.swift; path = AppDelegate.swift; sourceTree = "<group>"; };
		286A58442BE3FC6F0032ABE7 /* Assets.xcassets */ = {isa = PBXFileReference; lastKnownFileType = folder.assetcatalog; path = Assets.xcassets; sourceTree = "<group>"; };
		286A58472BE3FC6F0032ABE7 /* Clipper.swift */ = {isa = PBXFileReference; fileEncoding = 4; lastKnownFileType = sourcecode.swift; path = Clipper.swift; sourceTree = "<group>"; };
		288D07382BAF35CC002C2EEC /* README.md */ = {isa = PBXFileReference; fileEncoding = 4; lastKnownFileType = net.daringfireball.markdown; name = README.md; path = ../README.md; sourceTree = "<group>"; };
		28B354412BAE12370044A179 /* Clipper.app */ = {isa = PBXFileReference; explicitFileType = wrapper.application; includeInIndex = 0; path = Clipper.app; sourceTree = BUILT_PRODUCTS_DIR; };
/* End PBXFileReference section */

/* Begin PBXFrameworksBuildPhase section */
		28B3543E2BAE12370044A179 /* Frameworks */ = {
			isa = PBXFrameworksBuildPhase;
			buildActionMask = 2147483647;
			files = (
				288D073C2BAF373A002C2EEC /* LaunchAtLogin in Frameworks */,
				28B3549A2BAE13480044A179 /* SettingsAccess in Frameworks */,
				28B3549D2BAE13500044A179 /* KeyboardShortcuts in Frameworks */,
			);
			runOnlyForDeploymentPostprocessing = 0;
		};
/* End PBXFrameworksBuildPhase section */

/* Begin PBXGroup section */
		286A58312BE3FC6F0032ABE7 /* Menu */ = {
			isa = PBXGroup;
			children = (
				286A582E2BE3FC6F0032ABE7 /* AppMenu.swift */,
				286A582F2BE3FC6F0032ABE7 /* MenuView.swift */,
				286A58302BE3FC6F0032ABE7 /* SettingsView.swift */,
			);
			path = Menu;
			sourceTree = "<group>";
		};
		286A58382BE3FC6F0032ABE7 /* Utils */ = {
			isa = PBXGroup;
			children = (
				286A58322BE3FC6F0032ABE7 /* AX.swift */,
				286A58332BE3FC6F0032ABE7 /* Color.swift */,
				286A58342BE3FC6F0032ABE7 /* Process.swift */,
				286A58352BE3FC6F0032ABE7 /* ScreenManager.swift */,
				286A58362BE3FC6F0032ABE7 /* SettingsManager.swift */,
				286A58372BE3FC6F0032ABE7 /* Shortcuts.swift */,
			);
			path = Utils;
			sourceTree = "<group>";
		};
		286A583B2BE3FC6F0032ABE7 /* Alignment */ = {
			isa = PBXGroup;
			children = (
				286A58392BE3FC6F0032ABE7 /* AlignmentManager.swift */,
				286A583A2BE3FC6F0032ABE7 /* ResizeType.swift */,
			);
			path = Alignment;
			sourceTree = "<group>";
		};
		286A583F2BE3FC6F0032ABE7 /* Snapping */ = {
			isa = PBXGroup;
			children = (
				286A583C2BE3FC6F0032ABE7 /* SnapArea.swift */,
				286A583D2BE3FC6F0032ABE7 /* SnapOverlay.swift */,
				286A583E2BE3FC6F0032ABE7 /* SnappingManager.swift */,
			);
			path = Snapping;
			sourceTree = "<group>";
		};
		286A58422BE3FC6F0032ABE7 /* Window */ = {
			isa = PBXGroup;
			children = (
				286A583B2BE3FC6F0032ABE7 /* Alignment */,
				286A583F2BE3FC6F0032ABE7 /* Snapping */,
				286A58402BE3FC6F0032ABE7 /* WindowElement.swift */,
				286A58412BE3FC6F0032ABE7 /* WindowManager.swift */,
			);
			path = Window;
			sourceTree = "<group>";
		};
		286A58482BE3FC6F0032ABE7 /* Clipper */ = {
			isa = PBXGroup;
			children = (
				286A58312BE3FC6F0032ABE7 /* Menu */,
				286A58382BE3FC6F0032ABE7 /* Utils */,
				286A58422BE3FC6F0032ABE7 /* Window */,
				286A58442BE3FC6F0032ABE7 /* Assets.xcassets */,
				286A58432BE3FC6F0032ABE7 /* AppDelegate.swift */,
				286A58472BE3FC6F0032ABE7 /* Clipper.swift */,
			);
			path = Clipper;
			sourceTree = "<group>";
		};
		28B354382BAE12370044A179 = {
			isa = PBXGroup;
			children = (
				288D07382BAF35CC002C2EEC /* README.md */,
				286A58482BE3FC6F0032ABE7 /* Clipper */,
				28B354422BAE12370044A179 /* Products */,
			);
			sourceTree = "<group>";
		};
		28B354422BAE12370044A179 /* Products */ = {
			isa = PBXGroup;
			children = (
				28B354412BAE12370044A179 /* Clipper.app */,
			);
			name = Products;
			sourceTree = "<group>";
		};
/* End PBXGroup section */

/* Begin PBXNativeTarget section */
		28B354402BAE12370044A179 /* Clipper */ = {
			isa = PBXNativeTarget;
			buildConfigurationList = 28B354502BAE12380044A179 /* Build configuration list for PBXNativeTarget "Clipper" */;
			buildPhases = (
				28B3543D2BAE12370044A179 /* Sources */,
				28B3543E2BAE12370044A179 /* Frameworks */,
				28B3543F2BAE12370044A179 /* Resources */,
			);
			buildRules = (
			);
			dependencies = (
			);
			name = Clipper;
			packageProductDependencies = (
				28B354992BAE13480044A179 /* SettingsAccess */,
				28B3549C2BAE13500044A179 /* KeyboardShortcuts */,
				288D073B2BAF373A002C2EEC /* LaunchAtLogin */,
			);
			productName = WinTool;
			productReference = 28B354412BAE12370044A179 /* Clipper.app */;
			productType = "com.apple.product-type.application";
		};
/* End PBXNativeTarget section */

/* Begin PBXProject section */
		28B354392BAE12370044A179 /* Project object */ = {
			isa = PBXProject;
			attributes = {
				BuildIndependentTargetsInParallel = 1;
				LastSwiftUpdateCheck = 1530;
				LastUpgradeCheck = 1530;
				TargetAttributes = {
					28B354402BAE12370044A179 = {
						CreatedOnToolsVersion = 15.3;
						LastSwiftMigration = 1530;
					};
				};
			};
			buildConfigurationList = 28B3543C2BAE12370044A179 /* Build configuration list for PBXProject "Clipper" */;
			compatibilityVersion = "Xcode 14.0";
			developmentRegion = en;
			hasScannedForEncodings = 0;
			knownRegions = (
				en,
				Base,
			);
			mainGroup = 28B354382BAE12370044A179;
			packageReferences = (
				28B354982BAE13480044A179 /* XCRemoteSwiftPackageReference "SettingsAccess" */,
				28B3549B2BAE13500044A179 /* XCRemoteSwiftPackageReference "KeyboardShortcuts" */,
				288D073A2BAF373A002C2EEC /* XCRemoteSwiftPackageReference "LaunchAtLogin-Modern" */,
			);
			productRefGroup = 28B354422BAE12370044A179 /* Products */;
			projectDirPath = "";
			projectRoot = "";
			targets = (
				28B354402BAE12370044A179 /* Clipper */,
			);
		};
/* End PBXProject section */

/* Begin PBXResourcesBuildPhase section */
		28B3543F2BAE12370044A179 /* Resources */ = {
			isa = PBXResourcesBuildPhase;
			buildActionMask = 2147483647;
			files = (
				286A585A2BE3FC6F0032ABE7 /* Assets.xcassets in Resources */,
				288D07392BAF35CC002C2EEC /* README.md in Resources */,
			);
			runOnlyForDeploymentPostprocessing = 0;
		};
/* End PBXResourcesBuildPhase section */

/* Begin PBXSourcesBuildPhase section */
		28B3543D2BAE12370044A179 /* Sources */ = {
			isa = PBXSourcesBuildPhase;
			buildActionMask = 2147483647;
			files = (
				286A58542BE3FC6F0032ABE7 /* SnapArea.swift in Sources */,
				286A58582BE3FC6F0032ABE7 /* WindowManager.swift in Sources */,
				286A584C2BE3FC6F0032ABE7 /* AX.swift in Sources */,
				286A58522BE3FC6F0032ABE7 /* AlignmentManager.swift in Sources */,
				286A584B2BE3FC6F0032ABE7 /* SettingsView.swift in Sources */,
				286A58492BE3FC6F0032ABE7 /* AppMenu.swift in Sources */,
				286A585C2BE3FC6F0032ABE7 /* Clipper.swift in Sources */,
				286A584D2BE3FC6F0032ABE7 /* Color.swift in Sources */,
				286A58572BE3FC6F0032ABE7 /* WindowElement.swift in Sources */,
				286A58502BE3FC6F0032ABE7 /* SettingsManager.swift in Sources */,
				286A584A2BE3FC6F0032ABE7 /* MenuView.swift in Sources */,
				286A58532BE3FC6F0032ABE7 /* ResizeType.swift in Sources */,
				286A584F2BE3FC6F0032ABE7 /* ScreenManager.swift in Sources */,
				286A584E2BE3FC6F0032ABE7 /* Process.swift in Sources */,
				286A58512BE3FC6F0032ABE7 /* Shortcuts.swift in Sources */,
				286A58552BE3FC6F0032ABE7 /* SnapOverlay.swift in Sources */,
				286A58592BE3FC6F0032ABE7 /* AppDelegate.swift in Sources */,
				286A58562BE3FC6F0032ABE7 /* SnappingManager.swift in Sources */,
			);
			runOnlyForDeploymentPostprocessing = 0;
		};
/* End PBXSourcesBuildPhase section */

/* Begin XCBuildConfiguration section */
		28B3544E2BAE12380044A179 /* Debug */ = {
			isa = XCBuildConfiguration;
			buildSettings = {
				ALWAYS_SEARCH_USER_PATHS = NO;
				ASSETCATALOG_COMPILER_GENERATE_SWIFT_ASSET_SYMBOL_EXTENSIONS = YES;
				CLANG_ANALYZER_NONNULL = YES;
				CLANG_ANALYZER_NUMBER_OBJECT_CONVERSION = YES_AGGRESSIVE;
				CLANG_CXX_LANGUAGE_STANDARD = "gnu++20";
				CLANG_ENABLE_MODULES = YES;
				CLANG_ENABLE_OBJC_ARC = YES;
				CLANG_ENABLE_OBJC_WEAK = YES;
				CLANG_WARN_BLOCK_CAPTURE_AUTORELEASING = YES;
				CLANG_WARN_BOOL_CONVERSION = YES;
				CLANG_WARN_COMMA = YES;
				CLANG_WARN_CONSTANT_CONVERSION = YES;
				CLANG_WARN_DEPRECATED_OBJC_IMPLEMENTATIONS = YES;
				CLANG_WARN_DIRECT_OBJC_ISA_USAGE = YES_ERROR;
				CLANG_WARN_DOCUMENTATION_COMMENTS = YES;
				CLANG_WARN_EMPTY_BODY = YES;
				CLANG_WARN_ENUM_CONVERSION = YES;
				CLANG_WARN_INFINITE_RECURSION = YES;
				CLANG_WARN_INT_CONVERSION = YES;
				CLANG_WARN_NON_LITERAL_NULL_CONVERSION = YES;
				CLANG_WARN_OBJC_IMPLICIT_RETAIN_SELF = YES;
				CLANG_WARN_OBJC_LITERAL_CONVERSION = YES;
				CLANG_WARN_OBJC_ROOT_CLASS = YES_ERROR;
				CLANG_WARN_QUOTED_INCLUDE_IN_FRAMEWORK_HEADER = YES;
				CLANG_WARN_RANGE_LOOP_ANALYSIS = YES;
				CLANG_WARN_STRICT_PROTOTYPES = YES;
				CLANG_WARN_SUSPICIOUS_MOVE = YES;
				CLANG_WARN_UNGUARDED_AVAILABILITY = YES_AGGRESSIVE;
				CLANG_WARN_UNREACHABLE_CODE = YES;
				CLANG_WARN__DUPLICATE_METHOD_MATCH = YES;
				COPY_PHASE_STRIP = NO;
				DEBUG_INFORMATION_FORMAT = dwarf;
				ENABLE_STRICT_OBJC_MSGSEND = YES;
				ENABLE_TESTABILITY = YES;
				ENABLE_USER_SCRIPT_SANDBOXING = YES;
				GCC_C_LANGUAGE_STANDARD = gnu17;
				GCC_DYNAMIC_NO_PIC = NO;
				GCC_NO_COMMON_BLOCKS = YES;
				GCC_OPTIMIZATION_LEVEL = s;
				GCC_PREPROCESSOR_DEFINITIONS = (
					"DEBUG=1",
					"$(inherited)",
				);
				GCC_WARN_64_TO_32_BIT_CONVERSION = YES;
				GCC_WARN_ABOUT_RETURN_TYPE = YES_ERROR;
				GCC_WARN_UNDECLARED_SELECTOR = YES;
				GCC_WARN_UNINITIALIZED_AUTOS = YES_AGGRESSIVE;
				GCC_WARN_UNUSED_FUNCTION = YES;
				GCC_WARN_UNUSED_VARIABLE = YES;
				LOCALIZATION_PREFERS_STRING_CATALOGS = YES;
				MACOSX_DEPLOYMENT_TARGET = 11.0;
				MTL_ENABLE_DEBUG_INFO = INCLUDE_SOURCE;
				MTL_FAST_MATH = YES;
				ONLY_ACTIVE_ARCH = YES;
				SDKROOT = macosx;
				SWIFT_ACTIVE_COMPILATION_CONDITIONS = "DEBUG $(inherited)";
				SWIFT_OPTIMIZATION_LEVEL = "-O";
			};
			name = Debug;
		};
		28B3544F2BAE12380044A179 /* Release */ = {
			isa = XCBuildConfiguration;
			buildSettings = {
				ALWAYS_SEARCH_USER_PATHS = NO;
				ASSETCATALOG_COMPILER_GENERATE_SWIFT_ASSET_SYMBOL_EXTENSIONS = YES;
				CLANG_ANALYZER_NONNULL = YES;
				CLANG_ANALYZER_NUMBER_OBJECT_CONVERSION = YES_AGGRESSIVE;
				CLANG_CXX_LANGUAGE_STANDARD = "gnu++20";
				CLANG_ENABLE_MODULES = YES;
				CLANG_ENABLE_OBJC_ARC = YES;
				CLANG_ENABLE_OBJC_WEAK = YES;
				CLANG_WARN_BLOCK_CAPTURE_AUTORELEASING = YES;
				CLANG_WARN_BOOL_CONVERSION = YES;
				CLANG_WARN_COMMA = YES;
				CLANG_WARN_CONSTANT_CONVERSION = YES;
				CLANG_WARN_DEPRECATED_OBJC_IMPLEMENTATIONS = YES;
				CLANG_WARN_DIRECT_OBJC_ISA_USAGE = YES_ERROR;
				CLANG_WARN_DOCUMENTATION_COMMENTS = YES;
				CLANG_WARN_EMPTY_BODY = YES;
				CLANG_WARN_ENUM_CONVERSION = YES;
				CLANG_WARN_INFINITE_RECURSION = YES;
				CLANG_WARN_INT_CONVERSION = YES;
				CLANG_WARN_NON_LITERAL_NULL_CONVERSION = YES;
				CLANG_WARN_OBJC_IMPLICIT_RETAIN_SELF = YES;
				CLANG_WARN_OBJC_LITERAL_CONVERSION = YES;
				CLANG_WARN_OBJC_ROOT_CLASS = YES_ERROR;
				CLANG_WARN_QUOTED_INCLUDE_IN_FRAMEWORK_HEADER = YES;
				CLANG_WARN_RANGE_LOOP_ANALYSIS = YES;
				CLANG_WARN_STRICT_PROTOTYPES = YES;
				CLANG_WARN_SUSPICIOUS_MOVE = YES;
				CLANG_WARN_UNGUARDED_AVAILABILITY = YES_AGGRESSIVE;
				CLANG_WARN_UNREACHABLE_CODE = YES;
				CLANG_WARN__DUPLICATE_METHOD_MATCH = YES;
				COPY_PHASE_STRIP = NO;
				DEBUG_INFORMATION_FORMAT = "dwarf-with-dsym";
				ENABLE_NS_ASSERTIONS = NO;
				ENABLE_STRICT_OBJC_MSGSEND = YES;
				ENABLE_USER_SCRIPT_SANDBOXING = YES;
				GCC_C_LANGUAGE_STANDARD = gnu17;
				GCC_NO_COMMON_BLOCKS = YES;
				GCC_OPTIMIZATION_LEVEL = s;
				GCC_WARN_64_TO_32_BIT_CONVERSION = YES;
				GCC_WARN_ABOUT_RETURN_TYPE = YES_ERROR;
				GCC_WARN_UNDECLARED_SELECTOR = YES;
				GCC_WARN_UNINITIALIZED_AUTOS = YES_AGGRESSIVE;
				GCC_WARN_UNUSED_FUNCTION = YES;
				GCC_WARN_UNUSED_VARIABLE = YES;
				LOCALIZATION_PREFERS_STRING_CATALOGS = YES;
				MACOSX_DEPLOYMENT_TARGET = 11.0;
				MTL_ENABLE_DEBUG_INFO = NO;
				MTL_FAST_MATH = YES;
				SDKROOT = macosx;
				SWIFT_COMPILATION_MODE = wholemodule;
				SWIFT_OPTIMIZATION_LEVEL = "-O";
			};
			name = Release;
		};
		28B354512BAE12380044A179 /* Debug */ = {
			isa = XCBuildConfiguration;
			buildSettings = {
				ASSETCATALOG_COMPILER_APPICON_NAME = AppIcon;
				ASSETCATALOG_COMPILER_GLOBAL_ACCENT_COLOR_NAME = AccentColor;
				CLANG_ENABLE_MODULES = YES;
				CODE_SIGN_STYLE = Automatic;
				COMBINE_HIDPI_IMAGES = YES;
				CURRENT_PROJECT_VERSION = 1;
				DEVELOPMENT_ASSET_PATHS = "";
				ENABLE_PREVIEWS = YES;
				GENERATE_INFOPLIST_FILE = YES;
				INFOPLIST_FILE = "";
				INFOPLIST_KEY_CFBundleDisplayName = Clipper;
				INFOPLIST_KEY_LSApplicationCategoryType = "public.app-category.productivity";
				INFOPLIST_KEY_NSHumanReadableCopyright = "";
				LD_RUNPATH_SEARCH_PATHS = (
					"$(inherited)",
					"@executable_path/../Frameworks",
				);
				MACOSX_DEPLOYMENT_TARGET = 11.0;
				MARKETING_VERSION = 1.0;
				PRODUCT_BUNDLE_IDENTIFIER = com.shibaofficial.Clipper;
				PRODUCT_NAME = "$(TARGET_NAME)";
				SWIFT_EMIT_LOC_STRINGS = YES;
				SWIFT_OPTIMIZATION_LEVEL = "-O";
				SWIFT_VERSION = 5.0;
			};
			name = Debug;
		};
		28B354522BAE12380044A179 /* Release */ = {
			isa = XCBuildConfiguration;
			buildSettings = {
				ASSETCATALOG_COMPILER_APPICON_NAME = AppIcon;
				ASSETCATALOG_COMPILER_GLOBAL_ACCENT_COLOR_NAME = AccentColor;
				CLANG_ENABLE_MODULES = YES;
				CODE_SIGN_STYLE = Automatic;
				COMBINE_HIDPI_IMAGES = YES;
				CURRENT_PROJECT_VERSION = 1;
				DEVELOPMENT_ASSET_PATHS = "";
				ENABLE_PREVIEWS = YES;
				GENERATE_INFOPLIST_FILE = YES;
				INFOPLIST_FILE = "";
				INFOPLIST_KEY_CFBundleDisplayName = Clipper;
				INFOPLIST_KEY_LSApplicationCategoryType = "public.app-category.productivity";
				INFOPLIST_KEY_NSHumanReadableCopyright = "";
				LD_RUNPATH_SEARCH_PATHS = (
					"$(inherited)",
					"@executable_path/../Frameworks",
				);
				MACOSX_DEPLOYMENT_TARGET = 11.0;
				MARKETING_VERSION = 1.0;
				PRODUCT_BUNDLE_IDENTIFIER = com.shibaofficial.Clipper;
				PRODUCT_NAME = "$(TARGET_NAME)";
				SWIFT_EMIT_LOC_STRINGS = YES;
				SWIFT_OPTIMIZATION_LEVEL = "-O";
				SWIFT_VERSION = 5.0;
			};
			name = Release;
		};
/* End XCBuildConfiguration section */

/* Begin XCConfigurationList section */
		28B3543C2BAE12370044A179 /* Build configuration list for PBXProject "Clipper" */ = {
			isa = XCConfigurationList;
			buildConfigurations = (
				28B3544E2BAE12380044A179 /* Debug */,
				28B3544F2BAE12380044A179 /* Release */,
			);
			defaultConfigurationIsVisible = 0;
			defaultConfigurationName = Release;
		};
		28B354502BAE12380044A179 /* Build configuration list for PBXNativeTarget "Clipper" */ = {
			isa = XCConfigurationList;
			buildConfigurations = (
				28B354512BAE12380044A179 /* Debug */,
				28B354522BAE12380044A179 /* Release */,
			);
			defaultConfigurationIsVisible = 0;
			defaultConfigurationName = Release;
		};
/* End XCConfigurationList section */

/* Begin XCRemoteSwiftPackageReference section */
		288D073A2BAF373A002C2EEC /* XCRemoteSwiftPackageReference "LaunchAtLogin-Modern" */ = {
			isa = XCRemoteSwiftPackageReference;
			repositoryURL = "https://github.com/sindresorhus/LaunchAtLogin-Modern";
			requirement = {
				branch = main;
				kind = branch;
			};
		};
		28B354982BAE13480044A179 /* XCRemoteSwiftPackageReference "SettingsAccess" */ = {
			isa = XCRemoteSwiftPackageReference;
			repositoryURL = "https://github.com/orchetect/SettingsAccess.git";
			requirement = {
				kind = upToNextMajorVersion;
				minimumVersion = 1.4.0;
			};
		};
		28B3549B2BAE13500044A179 /* XCRemoteSwiftPackageReference "KeyboardShortcuts" */ = {
			isa = XCRemoteSwiftPackageReference;
			repositoryURL = "https://github.com/sindresorhus/KeyboardShortcuts.git";
			requirement = {
				kind = upToNextMajorVersion;
				minimumVersion = 2.0.0;
			};
		};
/* End XCRemoteSwiftPackageReference section */

/* Begin XCSwiftPackageProductDependency section */
		288D073B2BAF373A002C2EEC /* LaunchAtLogin */ = {
			isa = XCSwiftPackageProductDependency;
			package = 288D073A2BAF373A002C2EEC /* XCRemoteSwiftPackageReference "LaunchAtLogin-Modern" */;
			productName = LaunchAtLogin;
		};
		28B354992BAE13480044A179 /* SettingsAccess */ = {
			isa = XCSwiftPackageProductDependency;
			package = 28B354982BAE13480044A179 /* XCRemoteSwiftPackageReference "SettingsAccess" */;
			productName = SettingsAccess;
		};
		28B3549C2BAE13500044A179 /* KeyboardShortcuts */ = {
			isa = XCSwiftPackageProductDependency;
			package = 28B3549B2BAE13500044A179 /* XCRemoteSwiftPackageReference "KeyboardShortcuts" */;
			productName = KeyboardShortcuts;
		};
/* End XCSwiftPackageProductDependency section */
	};
	rootObject = 28B354392BAE12370044A179 /* Project object */;
}
